github.com/go-apilayer/ipstack v0.1.0 h1:+QgMW4xn8h9PKUU9a5pfADQxBpC+kXYcD97JJW+yxwc=
github.com/go-apilayer/ipstack v0.1.0/go.mod h1:YcNj+6mFmFtGUDa+lNNgK1FMe4yXXVPn6Dspi+4m9lU=
github.com/gorilla/mux v1.8.0 h1:i40aqfkR1h2SlN9hojwV5ZA91wcXFOvkdNIeFDP5koI=
github.com/gorilla/mux v1.8.0/go.mod h1:DVbg23sWSpFRCP0SfiEN6jmj59UnW/n46BH5rLB71So=
